// !$*UTF8*$!
{
	archiveVersion = 1;
	classes = {
	};
	objectVersion = 50;
	objects = {

/* Begin PBXBuildFile section */
		0127F07B231E257B0087A45A /* Landmark.swift in Sources */ = {isa = PBXBuildFile; fileRef = 0127F07A231E257B0087A45A /* Landmark.swift */; };
		0127F07D231E2A4F0087A45A /* UserData.swift in Sources */ = {isa = PBXBuildFile; fileRef = 0127F07C231E2A4F0087A45A /* UserData.swift */; };
		0127F07F231E2B430087A45A /* Badge.swift in Sources */ = {isa = PBXBuildFile; fileRef = 0127F07E231E2B430087A45A /* Badge.swift */; };
		0127F081231E2B7D0087A45A /* HexagonParameters.swift in Sources */ = {isa = PBXBuildFile; fileRef = 0127F080231E2B7D0087A45A /* HexagonParameters.swift */; };
		012A59BD231F74BC00271AF0 /* BadgeBackground.swift in Sources */ = {isa = PBXBuildFile; fileRef = 012A59BC231F74BC00271AF0 /* BadgeBackground.swift */; };
		012A59BF231F750E00271AF0 /* BadgeSymbol.swift in Sources */ = {isa = PBXBuildFile; fileRef = 012A59BE231F750E00271AF0 /* BadgeSymbol.swift */; };
		012A59C1231F76DC00271AF0 /* HikeView.swift in Sources */ = {isa = PBXBuildFile; fileRef = 012A59C0231F76DC00271AF0 /* HikeView.swift */; };
		01B58728231DAC2900A36938 /* ProfileHost.swift in Sources */ = {isa = PBXBuildFile; fileRef = 01B58727231DAC2900A36938 /* ProfileHost.swift */; };
		01B5872A231DAFB800A36938 /* CircleImage.swift in Sources */ = {isa = PBXBuildFile; fileRef = 01B58729231DAFB800A36938 /* CircleImage.swift */; };
		01B5872E231DB14B00A36938 /* MapView.swift in Sources */ = {isa = PBXBuildFile; fileRef = 01B5872D231DB14B00A36938 /* MapView.swift */; };
		01F837142317112D004180B9 /* AppDelegate.swift in Sources */ = {isa = PBXBuildFile; fileRef = 01F837132317112D004180B9 /* AppDelegate.swift */; };
		01F837162317112D004180B9 /* SceneDelegate.swift in Sources */ = {isa = PBXBuildFile; fileRef = 01F837152317112D004180B9 /* SceneDelegate.swift */; };
		01F837182317112D004180B9 /* ContentView.swift in Sources */ = {isa = PBXBuildFile; fileRef = 01F837172317112D004180B9 /* ContentView.swift */; };
		01F8371A2317112E004180B9 /* Assets.xcassets in Resources */ = {isa = PBXBuildFile; fileRef = 01F837192317112E004180B9 /* Assets.xcassets */; };
		01F8371D2317112E004180B9 /* Preview Assets.xcassets in Resources */ = {isa = PBXBuildFile; fileRef = 01F8371C2317112E004180B9 /* Preview Assets.xcassets */; };
		01F837202317112E004180B9 /* LaunchScreen.storyboard in Resources */ = {isa = PBXBuildFile; fileRef = 01F8371E2317112E004180B9 /* LaunchScreen.storyboard */; };
		D14994E5E75144085C146DDA /* Pods_SwiftUIPlayground.framework in Frameworks */ = {isa = PBXBuildFile; fileRef = B4E424F2883E8777FADA49EA /* Pods_SwiftUIPlayground.framework */; };
/* End PBXBuildFile section */

/* Begin PBXFileReference section */
		0127F07A231E257B0087A45A /* Landmark.swift */ = {isa = PBXFileReference; lastKnownFileType = sourcecode.swift; path = Landmark.swift; sourceTree = "<group>"; };
		0127F07C231E2A4F0087A45A /* UserData.swift */ = {isa = PBXFileReference; lastKnownFileType = sourcecode.swift; path = UserData.swift; sourceTree = "<group>"; };
		0127F07E231E2B430087A45A /* Badge.swift */ = {isa = PBXFileReference; lastKnownFileType = sourcecode.swift; path = Badge.swift; sourceTree = "<group>"; };
		0127F080231E2B7D0087A45A /* HexagonParameters.swift */ = {isa = PBXFileReference; lastKnownFileType = sourcecode.swift; path = HexagonParameters.swift; sourceTree = "<group>"; };
		012A59BC231F74BC00271AF0 /* BadgeBackground.swift */ = {isa = PBXFileReference; lastKnownFileType = sourcecode.swift; path = BadgeBackground.swift; sourceTree = "<group>"; };
		012A59BE231F750E00271AF0 /* BadgeSymbol.swift */ = {isa = PBXFileReference; lastKnownFileType = sourcecode.swift; path = BadgeSymbol.swift; sourceTree = "<group>"; };
		012A59C0231F76DC00271AF0 /* HikeView.swift */ = {isa = PBXFileReference; lastKnownFileType = sourcecode.swift; path = HikeView.swift; sourceTree = "<group>"; };
		01B58727231DAC2900A36938 /* ProfileHost.swift */ = {isa = PBXFileReference; lastKnownFileType = sourcecode.swift; path = ProfileHost.swift; sourceTree = "<group>"; };
		01B58729231DAFB800A36938 /* CircleImage.swift */ = {isa = PBXFileReference; lastKnownFileType = sourcecode.swift; path = CircleImage.swift; sourceTree = "<group>"; };
		01B5872D231DB14B00A36938 /* MapView.swift */ = {isa = PBXFileReference; lastKnownFileType = sourcecode.swift; path = MapView.swift; sourceTree = "<group>"; };
		01F837102317112D004180B9 /* SwiftUIPlayground.app */ = {isa = PBXFileReference; explicitFileType = wrapper.application; includeInIndex = 0; path = SwiftUIPlayground.app; sourceTree = BUILT_PRODUCTS_DIR; };
		01F837132317112D004180B9 /* AppDelegate.swift */ = {isa = PBXFileReference; lastKnownFileType = sourcecode.swift; path = AppDelegate.swift; sourceTree = "<group>"; };
		01F837152317112D004180B9 /* SceneDelegate.swift */ = {isa = PBXFileReference; lastKnownFileType = sourcecode.swift; path = SceneDelegate.swift; sourceTree = "<group>"; };
		01F837172317112D004180B9 /* ContentView.swift */ = {isa = PBXFileReference; lastKnownFileType = sourcecode.swift; path = ContentView.swift; sourceTree = "<group>"; };
		01F837192317112E004180B9 /* Assets.xcassets */ = {isa = PBXFileReference; lastKnownFileType = folder.assetcatalog; path = Assets.xcassets; sourceTree = "<group>"; };
		01F8371C2317112E004180B9 /* Preview Assets.xcassets */ = {isa = PBXFileReference; lastKnownFileType = folder.assetcatalog; path = "Preview Assets.xcassets"; sourceTree = "<group>"; };
		01F8371F2317112E004180B9 /* Base */ = {isa = PBXFileReference; lastKnownFileType = file.storyboard; name = Base; path = Base.lproj/LaunchScreen.storyboard; sourceTree = "<group>"; };
		01F837212317112E004180B9 /* Info.plist */ = {isa = PBXFileReference; lastKnownFileType = text.plist.xml; path = Info.plist; sourceTree = "<group>"; };
		B0C426708F4ECFDF17BEFB7B /* Pods-SwiftUIPlayground.release.xcconfig */ = {isa = PBXFileReference; includeInIndex = 1; lastKnownFileType = text.xcconfig; name = "Pods-SwiftUIPlayground.release.xcconfig"; path = "Target Support Files/Pods-SwiftUIPlayground/Pods-SwiftUIPlayground.release.xcconfig"; sourceTree = "<group>"; };
		B4E424F2883E8777FADA49EA /* Pods_SwiftUIPlayground.framework */ = {isa = PBXFileReference; explicitFileType = wrapper.framework; includeInIndex = 0; path = Pods_SwiftUIPlayground.framework; sourceTree = BUILT_PRODUCTS_DIR; };
		B841294A567C898AA8CBD931 /* Pods-SwiftUIPlayground.debug.xcconfig */ = {isa = PBXFileReference; includeInIndex = 1; lastKnownFileType = text.xcconfig; name = "Pods-SwiftUIPlayground.debug.xcconfig"; path = "Target Support Files/Pods-SwiftUIPlayground/Pods-SwiftUIPlayground.debug.xcconfig"; sourceTree = "<group>"; };
/* End PBXFileReference section */

/* Begin PBXFrameworksBuildPhase section */
		01F8370D2317112D004180B9 /* Frameworks */ = {
			isa = PBXFrameworksBuildPhase;
			buildActionMask = 2147483647;
			files = (
				D14994E5E75144085C146DDA /* Pods_SwiftUIPlayground.framework in Frameworks */,
			);
			runOnlyForDeploymentPostprocessing = 0;
		};
/* End PBXFrameworksBuildPhase section */

/* Begin PBXGroup section */
		0127F079231E25630087A45A /* Models */ = {
			isa = PBXGroup;
			children = (
				0127F07A231E257B0087A45A /* Landmark.swift */,
				0127F07C231E2A4F0087A45A /* UserData.swift */,
			);
			path = Models;
			sourceTree = "<group>";
		};
		01B58725231DABFB00A36938 /* Profile */ = {
			isa = PBXGroup;
			children = (
				01B58726231DAC0B00A36938 /* Landmark */,
			);
			path = Profile;
			sourceTree = "<group>";
		};
		01B58726231DAC0B00A36938 /* Landmark */ = {
			isa = PBXGroup;
			children = (
				01B58727231DAC2900A36938 /* ProfileHost.swift */,
			);
			path = Landmark;
			sourceTree = "<group>";
		};
		01F837072317112D004180B9 = {
			isa = PBXGroup;
			children = (
				01F837122317112D004180B9 /* SwiftUIPlayground */,
				01F837112317112D004180B9 /* Products */,
				19A50B1257D4288B678E2648 /* Pods */,
				5262A1E90FF5376EFC915200 /* Frameworks */,
			);
			sourceTree = "<group>";
		};
		01F837112317112D004180B9 /* Products */ = {
			isa = PBXGroup;
			children = (
				01F837102317112D004180B9 /* SwiftUIPlayground.app */,
			);
			name = Products;
			sourceTree = "<group>";
		};
		01F837122317112D004180B9 /* SwiftUIPlayground */ = {
			isa = PBXGroup;
			children = (
				0127F079231E25630087A45A /* Models */,
				01B58725231DABFB00A36938 /* Profile */,
				01F837132317112D004180B9 /* AppDelegate.swift */,
				01F837152317112D004180B9 /* SceneDelegate.swift */,
				01F837172317112D004180B9 /* ContentView.swift */,
				01B58729231DAFB800A36938 /* CircleImage.swift */,
				01B5872D231DB14B00A36938 /* MapView.swift */,
				0127F07E231E2B430087A45A /* Badge.swift */,
				012A59BC231F74BC00271AF0 /* BadgeBackground.swift */,
				012A59BE231F750E00271AF0 /* BadgeSymbol.swift */,
				0127F080231E2B7D0087A45A /* HexagonParameters.swift */,
				012A59C0231F76DC00271AF0 /* HikeView.swift */,
				01F837192317112E004180B9 /* Assets.xcassets */,
				01F8371E2317112E004180B9 /* LaunchScreen.storyboard */,
				01F837212317112E004180B9 /* Info.plist */,
				01F8371B2317112E004180B9 /* Preview Content */,
			);
			path = SwiftUIPlayground;
			sourceTree = "<group>";
		};
		01F8371B2317112E004180B9 /* Preview Content */ = {
			isa = PBXGroup;
			children = (
				01F8371C2317112E004180B9 /* Preview Assets.xcassets */,
			);
			path = "Preview Content";
			sourceTree = "<group>";
		};
		19A50B1257D4288B678E2648 /* Pods */ = {
			isa = PBXGroup;
			children = (
				B841294A567C898AA8CBD931 /* Pods-SwiftUIPlayground.debug.xcconfig */,
				B0C426708F4ECFDF17BEFB7B /* Pods-SwiftUIPlayground.release.xcconfig */,
			);
			path = Pods;
			sourceTree = "<group>";
		};
		5262A1E90FF5376EFC915200 /* Frameworks */ = {
			isa = PBXGroup;
			children = (
				B4E424F2883E8777FADA49EA /* Pods_SwiftUIPlayground.framework */,
			);
			name = Frameworks;
			sourceTree = "<group>";
		};
/* End PBXGroup section */

/* Begin PBXNativeTarget section */
		01F8370F2317112D004180B9 /* SwiftUIPlayground */ = {
			isa = PBXNativeTarget;
			buildConfigurationList = 01F837242317112E004180B9 /* Build configuration list for PBXNativeTarget "SwiftUIPlayground" */;
			buildPhases = (
				C986642325D59DB5A85B7056 /* [CP] Check Pods Manifest.lock */,
				01F8370C2317112D004180B9 /* Sources */,
				01F8370D2317112D004180B9 /* Frameworks */,
				01F8370E2317112D004180B9 /* Resources */,
			);
			buildRules = (
			);
			dependencies = (
			);
			name = SwiftUIPlayground;
			productName = SwiftUIPlayground;
			productReference = 01F837102317112D004180B9 /* SwiftUIPlayground.app */;
			productType = "com.apple.product-type.application";
		};
/* End PBXNativeTarget section */

/* Begin PBXProject section */
		01F837082317112D004180B9 /* Project object */ = {
			isa = PBXProject;
			attributes = {
				LastSwiftUpdateCheck = 1100;
				LastUpgradeCheck = 1100;
				ORGANIZATIONNAME = pl.mackode;
				TargetAttributes = {
					01F8370F2317112D004180B9 = {
						CreatedOnToolsVersion = 11.0;
					};
				};
			};
			buildConfigurationList = 01F8370B2317112D004180B9 /* Build configuration list for PBXProject "SwiftUIPlayground" */;
			compatibilityVersion = "Xcode 9.3";
			developmentRegion = en;
			hasScannedForEncodings = 0;
			knownRegions = (
				en,
				Base,
			);
			mainGroup = 01F837072317112D004180B9;
			productRefGroup = 01F837112317112D004180B9 /* Products */;
			projectDirPath = "";
			projectRoot = "";
			targets = (
				01F8370F2317112D004180B9 /* SwiftUIPlayground */,
			);
		};
/* End PBXProject section */

/* Begin PBXResourcesBuildPhase section */
		01F8370E2317112D004180B9 /* Resources */ = {
			isa = PBXResourcesBuildPhase;
			buildActionMask = 2147483647;
			files = (
				01F837202317112E004180B9 /* LaunchScreen.storyboard in Resources */,
				01F8371D2317112E004180B9 /* Preview Assets.xcassets in Resources */,
				01F8371A2317112E004180B9 /* Assets.xcassets in Resources */,
			);
			runOnlyForDeploymentPostprocessing = 0;
		};
/* End PBXResourcesBuildPhase section */

/* Begin PBXShellScriptBuildPhase section */
		C986642325D59DB5A85B7056 /* [CP] Check Pods Manifest.lock */ = {
			isa = PBXShellScriptBuildPhase;
			buildActionMask = 2147483647;
			files = (
			);
			inputFileListPaths = (
			);
			inputPaths = (
				"${PODS_PODFILE_DIR_PATH}/Podfile.lock",
				"${PODS_ROOT}/Manifest.lock",
			);
			name = "[CP] Check Pods Manifest.lock";
			outputFileListPaths = (
			);
			outputPaths = (
				"$(DERIVED_FILE_DIR)/Pods-SwiftUIPlayground-checkManifestLockResult.txt",
			);
			runOnlyForDeploymentPostprocessing = 0;
			shellPath = /bin/sh;
			shellScript = "diff \"${PODS_PODFILE_DIR_PATH}/Podfile.lock\" \"${PODS_ROOT}/Manifest.lock\" > /dev/null\nif [ $? != 0 ] ; then\n    # print error to STDERR\n    echo \"error: The sandbox is not in sync with the Podfile.lock. Run 'pod install' or update your CocoaPods installation.\" >&2\n    exit 1\nfi\n# This output is used by Xcode 'outputs' to avoid re-running this script phase.\necho \"SUCCESS\" > \"${SCRIPT_OUTPUT_FILE_0}\"\n";
			showEnvVarsInLog = 0;
		};
/* End PBXShellScriptBuildPhase section */

/* Begin PBXSourcesBuildPhase section */
		01F8370C2317112D004180B9 /* Sources */ = {
			isa = PBXSourcesBuildPhase;
			buildActionMask = 2147483647;
			files = (
				0127F081231E2B7D0087A45A /* HexagonParameters.swift in Sources */,
				0127F07B231E257B0087A45A /* Landmark.swift in Sources */,
				01F837142317112D004180B9 /* AppDelegate.swift in Sources */,
				0127F07D231E2A4F0087A45A /* UserData.swift in Sources */,
				01B5872E231DB14B00A36938 /* MapView.swift in Sources */,
				012A59BF231F750E00271AF0 /* BadgeSymbol.swift in Sources */,
				01F837162317112D004180B9 /* SceneDelegate.swift in Sources */,
				012A59C1231F76DC00271AF0 /* HikeView.swift in Sources */,
				012A59BD231F74BC00271AF0 /* BadgeBackground.swift in Sources */,
				01F837182317112D004180B9 /* ContentView.swift in Sources */,
				01B58728231DAC2900A36938 /* ProfileHost.swift in Sources */,
				0127F07F231E2B430087A45A /* Badge.swift in Sources */,
				01B5872A231DAFB800A36938 /* CircleImage.swift in Sources */,
			);
			runOnlyForDeploymentPostprocessing = 0;
		};
/* End PBXSourcesBuildPhase section */

/* Begin PBXVariantGroup section */
		01F8371E2317112E004180B9 /* LaunchScreen.storyboard */ = {
			isa = PBXVariantGroup;
			children = (
				01F8371F2317112E004180B9 /* Base */,
			);
			name = LaunchScreen.storyboard;
			sourceTree = "<group>";
		};
/* End PBXVariantGroup section */

/* Begin XCBuildConfiguration section */
		01F837222317112E004180B9 /* Debug */ = {
			isa = XCBuildConfiguration;
			buildSettings = {
				ALWAYS_SEARCH_USER_PATHS = NO;
				CLANG_ANALYZER_NONNULL = YES;
				CLANG_ANALYZER_NUMBER_OBJECT_CONVERSION = YES_AGGRESSIVE;
				CLANG_CXX_LANGUAGE_STANDARD = "gnu++14";
				CLANG_CXX_LIBRARY = "libc++";
				CLANG_ENABLE_MODULES = YES;
				CLANG_ENABLE_OBJC_ARC = YES;
				CLANG_ENABLE_OBJC_WEAK = YES;
				CLANG_WARN_BLOCK_CAPTURE_AUTORELEASING = YES;
				CLANG_WARN_BOOL_CONVERSION = YES;
				CLANG_WARN_COMMA = YES;
				CLANG_WARN_CONSTANT_CONVERSION = YES;
				CLANG_WARN_DEPRECATED_OBJC_IMPLEMENTATIONS = YES;
				CLANG_WARN_DIRECT_OBJC_ISA_USAGE = YES_ERROR;
				CLANG_WARN_DOCUMENTATION_COMMENTS = YES;
				CLANG_WARN_EMPTY_BODY = YES;
				CLANG_WARN_ENUM_CONVERSION = YES;
				CLANG_WARN_INFINITE_RECURSION = YES;
				CLANG_WARN_INT_CONVERSION = YES;
				CLANG_WARN_NON_LITERAL_NULL_CONVERSION = YES;
				CLANG_WARN_OBJC_IMPLICIT_RETAIN_SELF = YES;
				CLANG_WARN_OBJC_LITERAL_CONVERSION = YES;
				CLANG_WARN_OBJC_ROOT_CLASS = YES_ERROR;
				CLANG_WARN_RANGE_LOOP_ANALYSIS = YES;
				CLANG_WARN_STRICT_PROTOTYPES = YES;
				CLANG_WARN_SUSPICIOUS_MOVE = YES;
				CLANG_WARN_UNGUARDED_AVAILABILITY = YES_AGGRESSIVE;
				CLANG_WARN_UNREACHABLE_CODE = YES;
				CLANG_WARN__DUPLICATE_METHOD_MATCH = YES;
				COPY_PHASE_STRIP = NO;
				DEBUG_INFORMATION_FORMAT = dwarf;
				ENABLE_STRICT_OBJC_MSGSEND = YES;
				ENABLE_TESTABILITY = YES;
				GCC_C_LANGUAGE_STANDARD = gnu11;
				GCC_DYNAMIC_NO_PIC = NO;
				GCC_NO_COMMON_BLOCKS = YES;
				GCC_OPTIMIZATION_LEVEL = 0;
				GCC_PREPROCESSOR_DEFINITIONS = (
					"DEBUG=1",
					"$(inherited)",
				);
				GCC_WARN_64_TO_32_BIT_CONVERSION = YES;
				GCC_WARN_ABOUT_RETURN_TYPE = YES_ERROR;
				GCC_WARN_UNDECLARED_SELECTOR = YES;
				GCC_WARN_UNINITIALIZED_AUTOS = YES_AGGRESSIVE;
				GCC_WARN_UNUSED_FUNCTION = YES;
				GCC_WARN_UNUSED_VARIABLE = YES;
				IPHONEOS_DEPLOYMENT_TARGET = 13.0;
				MTL_ENABLE_DEBUG_INFO = INCLUDE_SOURCE;
				MTL_FAST_MATH = YES;
				ONLY_ACTIVE_ARCH = YES;
				SDKROOT = iphoneos;
				SWIFT_ACTIVE_COMPILATION_CONDITIONS = DEBUG;
				SWIFT_OPTIMIZATION_LEVEL = "-Onone";
			};
			name = Debug;
		};
		01F837232317112E004180B9 /* Release */ = {
			isa = XCBuildConfiguration;
			buildSettings = {
				ALWAYS_SEARCH_USER_PATHS = NO;
				CLANG_ANALYZER_NONNULL = YES;
				CLANG_ANALYZER_NUMBER_OBJECT_CONVERSION = YES_AGGRESSIVE;
				CLANG_CXX_LANGUAGE_STANDARD = "gnu++14";
				CLANG_CXX_LIBRARY = "libc++";
				CLANG_ENABLE_MODULES = YES;
				CLANG_ENABLE_OBJC_ARC = YES;
				CLANG_ENABLE_OBJC_WEAK = YES;
				CLANG_WARN_BLOCK_CAPTURE_AUTORELEASING = YES;
				CLANG_WARN_BOOL_CONVERSION = YES;
				CLANG_WARN_COMMA = YES;
				CLANG_WARN_CONSTANT_CONVERSION = YES;
				CLANG_WARN_DEPRECATED_OBJC_IMPLEMENTATIONS = YES;
				CLANG_WARN_DIRECT_OBJC_ISA_USAGE = YES_ERROR;
				CLANG_WARN_DOCUMENTATION_COMMENTS = YES;
				CLANG_WARN_EMPTY_BODY = YES;
				CLANG_WARN_ENUM_CONVERSION = YES;
				CLANG_WARN_INFINITE_RECURSION = YES;
				CLANG_WARN_INT_CONVERSION = YES;
				CLANG_WARN_NON_LITERAL_NULL_CONVERSION = YES;
				CLANG_WARN_OBJC_IMPLICIT_RETAIN_SELF = YES;
				CLANG_WARN_OBJC_LITERAL_CONVERSION = YES;
				CLANG_WARN_OBJC_ROOT_CLASS = YES_ERROR;
				CLANG_WARN_RANGE_LOOP_ANALYSIS = YES;
				CLANG_WARN_STRICT_PROTOTYPES = YES;
				CLANG_WARN_SUSPICIOUS_MOVE = YES;
				CLANG_WARN_UNGUARDED_AVAILABILITY = YES_AGGRESSIVE;
				CLANG_WARN_UNREACHABLE_CODE = YES;
				CLANG_WARN__DUPLICATE_METHOD_MATCH = YES;
				COPY_PHASE_STRIP = NO;
				DEBUG_INFORMATION_FORMAT = "dwarf-with-dsym";
				ENABLE_NS_ASSERTIONS = NO;
				ENABLE_STRICT_OBJC_MSGSEND = YES;
				GCC_C_LANGUAGE_STANDARD = gnu11;
				GCC_NO_COMMON_BLOCKS = YES;
				GCC_WARN_64_TO_32_BIT_CONVERSION = YES;
				GCC_WARN_ABOUT_RETURN_TYPE = YES_ERROR;
				GCC_WARN_UNDECLARED_SELECTOR = YES;
				GCC_WARN_UNINITIALIZED_AUTOS = YES_AGGRESSIVE;
				GCC_WARN_UNUSED_FUNCTION = YES;
				GCC_WARN_UNUSED_VARIABLE = YES;
				IPHONEOS_DEPLOYMENT_TARGET = 13.0;
				MTL_ENABLE_DEBUG_INFO = NO;
				MTL_FAST_MATH = YES;
				SDKROOT = iphoneos;
				SWIFT_COMPILATION_MODE = wholemodule;
				SWIFT_OPTIMIZATION_LEVEL = "-O";
				VALIDATE_PRODUCT = YES;
			};
			name = Release;
		};
		01F837252317112E004180B9 /* Debug */ = {
			isa = XCBuildConfiguration;
			baseConfigurationReference = B841294A567C898AA8CBD931 /* Pods-SwiftUIPlayground.debug.xcconfig */;
			buildSettings = {
				ASSETCATALOG_COMPILER_APPICON_NAME = AppIcon;
				CODE_SIGN_STYLE = Automatic;
				DEVELOPMENT_ASSET_PATHS = "\"SwiftUIPlayground/Preview Content\"";
				DEVELOPMENT_TEAM = L2B94KJQ38;
				ENABLE_PREVIEWS = YES;
				INFOPLIST_FILE = SwiftUIPlayground/Info.plist;
				LD_RUNPATH_SEARCH_PATHS = (
					"$(inherited)",
					"@executable_path/Frameworks",
				);
				PRODUCT_BUNDLE_IDENTIFIER = pl.mackode.SwiftUIPlayground;
				PRODUCT_NAME = "$(TARGET_NAME)";
				SWIFT_VERSION = 5.0;
				TARGETED_DEVICE_FAMILY = "1,2";
			};
			name = Debug;
		};
		01F837262317112E004180B9 /* Release */ = {
			isa = XCBuildConfiguration;
			baseConfigurationReference = B0C426708F4ECFDF17BEFB7B /* Pods-SwiftUIPlayground.release.xcconfig */;
			buildSettings = {
				ASSETCATALOG_COMPILER_APPICON_NAME = AppIcon;
				CODE_SIGN_STYLE = Automatic;
				DEVELOPMENT_ASSET_PATHS = "\"SwiftUIPlayground/Preview Content\"";
				DEVELOPMENT_TEAM = L2B94KJQ38;
				ENABLE_PREVIEWS = YES;
				INFOPLIST_FILE = SwiftUIPlayground/Info.plist;
				LD_RUNPATH_SEARCH_PATHS = (
					"$(inherited)",
					"@executable_path/Frameworks",
				);
				PRODUCT_BUNDLE_IDENTIFIER = pl.mackode.SwiftUIPlayground;
				PRODUCT_NAME = "$(TARGET_NAME)";
				SWIFT_VERSION = 5.0;
				TARGETED_DEVICE_FAMILY = "1,2";
			};
			name = Release;
		};
/* End XCBuildConfiguration section */

/* Begin XCConfigurationList section */
		01F8370B2317112D004180B9 /* Build configuration list for PBXProject "SwiftUIPlayground" */ = {
			isa = XCConfigurationList;
			buildConfigurations = (
				01F837222317112E004180B9 /* Debug */,
				01F837232317112E004180B9 /* Release */,
			);
			defaultConfigurationIsVisible = 0;
			defaultConfigurationName = Release;
		};
		01F837242317112E004180B9 /* Build configuration list for PBXNativeTarget "SwiftUIPlayground" */ = {
			isa = XCConfigurationList;
			buildConfigurations = (
				01F837252317112E004180B9 /* Debug */,
				01F837262317112E004180B9 /* Release */,
			);
			defaultConfigurationIsVisible = 0;
			defaultConfigurationName = Release;
		};
/* End XCConfigurationList section */
	};
	rootObject = 01F837082317112D004180B9 /* Project object */;
}
